
Microsoft Visual Studio Solution File, Format Version 11.00
# Visual Studio 2010
Project("{FAE04EC0-301F-11D3-BF4B-00C04F79EFBC}") = "spacegirl", "Assembly-CSharp.csproj", "{B41F968B-7804-E23F-3EA2-08B9B6B043BD}"
EndProject
Project("{FAE04EC0-301F-11D3-BF4B-00C04F79EFBC}") = "spacegirl", "Assembly-CSharp-Editor.csproj", "{22954751-3825-C685-E9E1-C1DBE23BD5F6}"
EndProject
Global
	GlobalSection(SolutionConfigurationPlatforms) = preSolution
		Debug|Any CPU = Debug|Any CPU
		Release|Any CPU = Release|Any CPU
	EndGlobalSection
	GlobalSection(ProjectConfigurationPlatforms) = postSolution
		{B41F968B-7804-E23F-3EA2-08B9B6B043BD}.Debug|Any CPU.ActiveCfg = Debug|Any CPU
		{B41F968B-7804-E23F-3EA2-08B9B6B043BD}.Debug|Any CPU.Build.0 = Debug|Any CPU
		{B41F968B-7804-E23F-3EA2-08B9B6B043BD}.Release|Any CPU.ActiveCfg = Release|Any CPU
		{B41F968B-7804-E23F-3EA2-08B9B6B043BD}.Release|Any CPU.Build.0 = Release|Any CPU
		{22954751-3825-C685-E9E1-C1DBE23BD5F6}.Debug|Any CPU.ActiveCfg = Debug|Any CPU
		{22954751-3825-C685-E9E1-C1DBE23BD5F6}.Debug|Any CPU.Build.0 = Debug|Any CPU
		{22954751-3825-C685-E9E1-C1DBE23BD5F6}.Release|Any CPU.ActiveCfg = Release|Any CPU
		{22954751-3825-C685-E9E1-C1DBE23BD5F6}.Release|Any CPU.Build.0 = Release|Any CPU
	EndGlobalSection
	GlobalSection(SolutionProperties) = preSolution
		HideSolutionNode = FALSE
	EndGlobalSection
	GlobalSection(MonoDevelopProperties) = preSolution
		StartupItem = Assembly-CSharp.csproj
	EndGlobalSection
EndGlobal
